
Microsoft Visual Studio Solution File, Format Version 12.00
# Visual Studio Version 17
VisualStudioVersion = 17.9.34714.143
MinimumVisualStudioVersion = 10.0.40219.1
Project("{FAE04EC0-301F-11D3-BF4B-00C04F79EFBC}") = "ConsoleApplication", "ConsoleApplication\ConsoleApplication.csproj", "{67290610-9E78-49CA-8BC1-2EA0B33AF912}"
EndProject
Global
	GlobalSection(SolutionConfigurationPlatforms) = preSolution
		Debug|Any CPU = Debug|Any CPU
		Release|Any CPU = Release|Any CPU
	EndGlobalSection
	GlobalSection(ProjectConfigurationPlatforms) = postSolution
		{67290610-9E78-49CA-8BC1-2EA0B33AF912}.Debug|Any CPU.ActiveCfg = Debug|Any CPU
		{67290610-9E78-49CA-8BC1-2EA0B33AF912}.Debug|Any CPU.Build.0 = Debug|Any CPU
		{67290610-9E78-49CA-8BC1-2EA0B33AF912}.Release|Any CPU.ActiveCfg = Release|Any CPU
		{67290610-9E78-49CA-8BC1-2EA0B33AF912}.Release|Any CPU.Build.0 = Release|Any CPU
	EndGlobalSection
	GlobalSection(SolutionProperties) = preSolution
		HideSolutionNode = FALSE
	EndGlobalSection
	GlobalSection(ExtensibilityGlobals) = postSolution
		SolutionGuid = {0D6C429B-3340-4721-A03A-600714B64877}
	EndGlobalSection
EndGlobal
